
Microsoft Visual Studio Solution File, Format Version 12.00
# Visual Studio 15
VisualStudioVersion = 15.0.28307.329
MinimumVisualStudioVersion = 10.0.40219.1
Project("{9A19103F-16F7-4668-BE54-9A1E7A4F7556}") = "TaxCalculator.Core", "TaxCalculator.Core\TaxCalculator.Core.csproj", "{C1C6142C-C282-44FE-AC47-FF9514F36D68}"
EndProject
Project("{9A19103F-16F7-4668-BE54-9A1E7A4F7556}") = "TaxCalculator.Tests", "TaxCalculator.Tests\TaxCalculator.Tests.csproj", "{9F7B8F0F-AC40-4E72-A893-82690A6E8B80}"
EndProject
Project("{9A19103F-16F7-4668-BE54-9A1E7A4F7556}") = "TaxCalculator.Web", "TaxCalculator.Web\TaxCalculator.Web.csproj", "{6F117A7B-9788-4335-9DA0-E1948183B42A}"
EndProject
Project("{9A19103F-16F7-4668-BE54-9A1E7A4F7556}") = "TaxCalculator.Api", "TaxCalculator.Api\TaxCalculator.Api.csproj", "{D5F43BC8-E723-48B0-9334-D9CAEF1384DA}"
EndProject
Project("{00D1A9C2-B5F0-4AF3-8072-F6C62B433612}") = "TaxCalculatorDb", "TaxCalculatorDb\TaxCalculatorDb.sqlproj", "{C983166C-040F-4437-9340-0E49E2A7ECD8}"
EndProject
Global
	GlobalSection(SolutionConfigurationPlatforms) = preSolution
		Debug|Any CPU = Debug|Any CPU
		Release|Any CPU = Release|Any CPU
	EndGlobalSection
	GlobalSection(ProjectConfigurationPlatforms) = postSolution
		{C1C6142C-C282-44FE-AC47-FF9514F36D68}.Debug|Any CPU.ActiveCfg = Debug|Any CPU
		{C1C6142C-C282-44FE-AC47-FF9514F36D68}.Debug|Any CPU.Build.0 = Debug|Any CPU
		{C1C6142C-C282-44FE-AC47-FF9514F36D68}.Release|Any CPU.ActiveCfg = Release|Any CPU
		{C1C6142C-C282-44FE-AC47-FF9514F36D68}.Release|Any CPU.Build.0 = Release|Any CPU
		{9F7B8F0F-AC40-4E72-A893-82690A6E8B80}.Debug|Any CPU.ActiveCfg = Debug|Any CPU
		{9F7B8F0F-AC40-4E72-A893-82690A6E8B80}.Debug|Any CPU.Build.0 = Debug|Any CPU
		{9F7B8F0F-AC40-4E72-A893-82690A6E8B80}.Release|Any CPU.ActiveCfg = Release|Any CPU
		{9F7B8F0F-AC40-4E72-A893-82690A6E8B80}.Release|Any CPU.Build.0 = Release|Any CPU
		{6F117A7B-9788-4335-9DA0-E1948183B42A}.Debug|Any CPU.ActiveCfg = Debug|Any CPU
		{6F117A7B-9788-4335-9DA0-E1948183B42A}.Debug|Any CPU.Build.0 = Debug|Any CPU
		{6F117A7B-9788-4335-9DA0-E1948183B42A}.Release|Any CPU.ActiveCfg = Release|Any CPU
		{6F117A7B-9788-4335-9DA0-E1948183B42A}.Release|Any CPU.Build.0 = Release|Any CPU
		{D5F43BC8-E723-48B0-9334-D9CAEF1384DA}.Debug|Any CPU.ActiveCfg = Debug|Any CPU
		{D5F43BC8-E723-48B0-9334-D9CAEF1384DA}.Debug|Any CPU.Build.0 = Debug|Any CPU
		{D5F43BC8-E723-48B0-9334-D9CAEF1384DA}.Release|Any CPU.ActiveCfg = Release|Any CPU
		{D5F43BC8-E723-48B0-9334-D9CAEF1384DA}.Release|Any CPU.Build.0 = Release|Any CPU
		{C983166C-040F-4437-9340-0E49E2A7ECD8}.Debug|Any CPU.ActiveCfg = Debug|Any CPU
		{C983166C-040F-4437-9340-0E49E2A7ECD8}.Debug|Any CPU.Build.0 = Debug|Any CPU
		{C983166C-040F-4437-9340-0E49E2A7ECD8}.Debug|Any CPU.Deploy.0 = Debug|Any CPU
		{C983166C-040F-4437-9340-0E49E2A7ECD8}.Release|Any CPU.ActiveCfg = Release|Any CPU
		{C983166C-040F-4437-9340-0E49E2A7ECD8}.Release|Any CPU.Build.0 = Release|Any CPU
		{C983166C-040F-4437-9340-0E49E2A7ECD8}.Release|Any CPU.Deploy.0 = Release|Any CPU
	EndGlobalSection
	GlobalSection(SolutionProperties) = preSolution
		HideSolutionNode = FALSE
	EndGlobalSection
	GlobalSection(ExtensibilityGlobals) = postSolution
		SolutionGuid = {DE3F3B00-A563-4264-9B7E-58A81F866D99}
	EndGlobalSection
EndGlobal
